
Microsoft Visual Studio Solution File, Format Version 12.00
# Visual Studio Version 17
VisualStudioVersion = 17.1.32210.238
MinimumVisualStudioVersion = 10.0.40219.1
Project("{9A19103F-16F7-4668-BE54-9A1E7A4F7556}") = "Wurdle", "Wurdle\Wurdle.csproj", "{DE00FC4D-A85E-4EE3-AEFD-694F07BF2C01}"
EndProject
Project("{2150E333-8FDC-42A3-9474-1A3956D46DE8}") = "Solution Items", "Solution Items", "{5E700B14-43FE-41BD-AD26-1411DD1C9585}"
	ProjectSection(SolutionItems) = preProject
		.editorconfig = .editorconfig
	EndProjectSection
EndProject
Global
	GlobalSection(SolutionConfigurationPlatforms) = preSolution
		Debug|Any CPU = Debug|Any CPU
		Release|Any CPU = Release|Any CPU
	EndGlobalSection
	GlobalSection(ProjectConfigurationPlatforms) = postSolution
		{DE00FC4D-A85E-4EE3-AEFD-694F07BF2C01}.Debug|Any CPU.ActiveCfg = Debug|Any CPU
		{DE00FC4D-A85E-4EE3-AEFD-694F07BF2C01}.Debug|Any CPU.Build.0 = Debug|Any CPU
		{DE00FC4D-A85E-4EE3-AEFD-694F07BF2C01}.Release|Any CPU.ActiveCfg = Release|Any CPU
		{DE00FC4D-A85E-4EE3-AEFD-694F07BF2C01}.Release|Any CPU.Build.0 = Release|Any CPU
	EndGlobalSection
	GlobalSection(SolutionProperties) = preSolution
		HideSolutionNode = FALSE
	EndGlobalSection
	GlobalSection(ExtensibilityGlobals) = postSolution
		SolutionGuid = {A46F688F-7A80-4035-B225-3318D2785571}
	EndGlobalSection
EndGlobal
